{
  "requires": true,
  "lockfileVersion": 1,
  "dependencies": {
    "font-awesome": {
      "version": "4.7.0",
      "resolved": "https://registry.npmjs.org/font-awesome/-/font-awesome-4.7.0.tgz",
      "integrity": "sha1-j6jPBBGhoxr9B7BtKQK7n8gVoTM="
    },
    "froala-editor": {
      "version": "2.8.1",
      "resolved": "https://registry.npmjs.org/froala-editor/-/froala-editor-2.8.1.tgz",
      "integrity": "sha512-+OGSAYRXcJUXhLAdHTFM8Y/UWdRExm7eoBGlolXpkDpINujSt84O69FN4B6gRpTyhpUJYckr+4seSRU8Qg80jg==",
      "requires": {
        "font-awesome": "4.7.0",
        "jquery": "3.3.1"
      }
    },
    "jquery": {
      "version": "3.3.1",
      "resolved": "https://registry.npmjs.org/jquery/-/jquery-3.3.1.tgz",
      "integrity": "sha512-Ubldcmxp5np52/ENotGxlLe6aGMvmF4R8S6tZjsP6Knsaxd/xp3Zrh50cG93lR6nPXyUFwzN3ZSOQI0wRJNdGg=="
    }
  }
}
